
Microsoft Visual Studio Solution File, Format Version 12.00
# Visual Studio Version 16
VisualStudioVersion = 16.0.31424.327
MinimumVisualStudioVersion = 10.0.40219.1
Project("{9A19103F-16F7-4668-BE54-9A1E7A4F7556}") = "JokesWebApp", "JokesWebApp.csproj", "{2E5314E2-E769-47CD-8DC8-8C2A6C3B621A}"
EndProject
Project("{FAE04EC0-301F-11D3-BF4B-00C04F79EFBC}") = "JokeWebAppUnitTest", "..\JokeWebAppUnitTest\JokeWebAppUnitTest.csproj", "{01451277-6E77-4C5A-91F6-A6F97434FD88}"
EndProject
Global
	GlobalSection(SolutionConfigurationPlatforms) = preSolution
		Debug|Any CPU = Debug|Any CPU
		Release|Any CPU = Release|Any CPU
	EndGlobalSection
	GlobalSection(ProjectConfigurationPlatforms) = postSolution
		{2E5314E2-E769-47CD-8DC8-8C2A6C3B621A}.Debug|Any CPU.ActiveCfg = Debug|Any CPU
		{2E5314E2-E769-47CD-8DC8-8C2A6C3B621A}.Debug|Any CPU.Build.0 = Debug|Any CPU
		{2E5314E2-E769-47CD-8DC8-8C2A6C3B621A}.Release|Any CPU.ActiveCfg = Release|Any CPU
		{2E5314E2-E769-47CD-8DC8-8C2A6C3B621A}.Release|Any CPU.Build.0 = Release|Any CPU
		{01451277-6E77-4C5A-91F6-A6F97434FD88}.Debug|Any CPU.ActiveCfg = Debug|Any CPU
		{01451277-6E77-4C5A-91F6-A6F97434FD88}.Debug|Any CPU.Build.0 = Debug|Any CPU
		{01451277-6E77-4C5A-91F6-A6F97434FD88}.Release|Any CPU.ActiveCfg = Release|Any CPU
		{01451277-6E77-4C5A-91F6-A6F97434FD88}.Release|Any CPU.Build.0 = Release|Any CPU
	EndGlobalSection
	GlobalSection(SolutionProperties) = preSolution
		HideSolutionNode = FALSE
	EndGlobalSection
	GlobalSection(ExtensibilityGlobals) = postSolution
		SolutionGuid = {2723FC70-B538-4F6E-ACFE-2DA619FC8A40}
	EndGlobalSection
EndGlobal
